
Microsoft Visual Studio Solution File, Format Version 12.00
# Visual Studio Version 16
VisualStudioVersion = 16.0.30621.155
MinimumVisualStudioVersion = 10.0.40219.1
Project("{9A19103F-16F7-4668-BE54-9A1E7A4F7556}") = "Gizmo.Shared", "Gizmo.Shared.csproj", "{11DD07F9-5F77-4EE9-911A-0A8508B91A0C}"
EndProject
Global
	GlobalSection(SolutionConfigurationPlatforms) = preSolution
		Debug|Any CPU = Debug|Any CPU
		Release|Any CPU = Release|Any CPU
	EndGlobalSection
	GlobalSection(ProjectConfigurationPlatforms) = postSolution
		{11DD07F9-5F77-4EE9-911A-0A8508B91A0C}.Debug|Any CPU.ActiveCfg = Debug|Any CPU
		{11DD07F9-5F77-4EE9-911A-0A8508B91A0C}.Debug|Any CPU.Build.0 = Debug|Any CPU
		{11DD07F9-5F77-4EE9-911A-0A8508B91A0C}.Release|Any CPU.ActiveCfg = Release|Any CPU
		{11DD07F9-5F77-4EE9-911A-0A8508B91A0C}.Release|Any CPU.Build.0 = Release|Any CPU
	EndGlobalSection
	GlobalSection(SolutionProperties) = preSolution
		HideSolutionNode = FALSE
	EndGlobalSection
	GlobalSection(ExtensibilityGlobals) = postSolution
		SolutionGuid = {6217A806-EF08-4448-BB8B-2505A4B2470A}
	EndGlobalSection
EndGlobal
