
Microsoft Visual Studio Solution File, Format Version 12.00
# Visual Studio Version 16
VisualStudioVersion = 16.0.30621.155
MinimumVisualStudioVersion = 10.0.40219.1
Project("{FAE04EC0-301F-11D3-BF4B-00C04F79EFBC}") = "Gizmo.Shared", "Gizmo.Shared\Gizmo.Shared.csproj", "{DBA1DCA8-704C-4433-A184-13A2489761C8}"
EndProject
Global
	GlobalSection(SolutionConfigurationPlatforms) = preSolution
		Debug|Any CPU = Debug|Any CPU
		Release|Any CPU = Release|Any CPU
	EndGlobalSection
	GlobalSection(ProjectConfigurationPlatforms) = postSolution
		{DBA1DCA8-704C-4433-A184-13A2489761C8}.Debug|Any CPU.ActiveCfg = Debug|Any CPU
		{DBA1DCA8-704C-4433-A184-13A2489761C8}.Debug|Any CPU.Build.0 = Debug|Any CPU
		{DBA1DCA8-704C-4433-A184-13A2489761C8}.Release|Any CPU.ActiveCfg = Release|Any CPU
		{DBA1DCA8-704C-4433-A184-13A2489761C8}.Release|Any CPU.Build.0 = Release|Any CPU
	EndGlobalSection
	GlobalSection(SolutionProperties) = preSolution
		HideSolutionNode = FALSE
	EndGlobalSection
	GlobalSection(ExtensibilityGlobals) = postSolution
		SolutionGuid = {6217A806-EF08-4448-BB8B-2505A4B2470A}
	EndGlobalSection
EndGlobal
